
Microsoft Visual Studio Solution File, Format Version 12.00
# Visual Studio Version 17
VisualStudioVersion = 17.14.36221.1
MinimumVisualStudioVersion = 10.0.40219.1
Project("{F2A71F9B-5D33-465A-A702-920D77279786}") = "fsrubik", "fsrubik\fsrubik.fsproj", "{EC5CC0B6-6246-4D46-8D29-38E5BAD9F7C7}"
EndProject
Project("{F2A71F9B-5D33-465A-A702-920D77279786}") = "fsrubik.dev", "fsrubik.dev\fsrubik.dev.fsproj", "{14C07704-3A71-4712-A5ED-FFDDCFE1AD85}"
EndProject
Global
	GlobalSection(SolutionConfigurationPlatforms) = preSolution
		Debug|Any CPU = Debug|Any CPU
		Release|Any CPU = Release|Any CPU
	EndGlobalSection
	GlobalSection(ProjectConfigurationPlatforms) = postSolution
		{EC5CC0B6-6246-4D46-8D29-38E5BAD9F7C7}.Debug|Any CPU.ActiveCfg = Debug|Any CPU
		{EC5CC0B6-6246-4D46-8D29-38E5BAD9F7C7}.Debug|Any CPU.Build.0 = Debug|Any CPU
		{EC5CC0B6-6246-4D46-8D29-38E5BAD9F7C7}.Release|Any CPU.ActiveCfg = Release|Any CPU
		{EC5CC0B6-6246-4D46-8D29-38E5BAD9F7C7}.Release|Any CPU.Build.0 = Release|Any CPU
		{14C07704-3A71-4712-A5ED-FFDDCFE1AD85}.Debug|Any CPU.ActiveCfg = Debug|Any CPU
		{14C07704-3A71-4712-A5ED-FFDDCFE1AD85}.Debug|Any CPU.Build.0 = Debug|Any CPU
		{14C07704-3A71-4712-A5ED-FFDDCFE1AD85}.Release|Any CPU.ActiveCfg = Release|Any CPU
		{14C07704-3A71-4712-A5ED-FFDDCFE1AD85}.Release|Any CPU.Build.0 = Release|Any CPU
	EndGlobalSection
	GlobalSection(SolutionProperties) = preSolution
		HideSolutionNode = FALSE
	EndGlobalSection
EndGlobal
